
Microsoft Visual Studio Solution File, Format Version 12.00
# Visual Studio Version 16
VisualStudioVersion = 16.0.29509.3
MinimumVisualStudioVersion = 10.0.40219.1
Project("{E53339B2-1760-4266-BCC7-CA923CBCF16C}") = "docker-compose", "docker-compose.dcproj", "{264EBAAD-AC00-460A-A8F9-2E64E25917DB}"
EndProject
Project("{2150E333-8FDC-42A3-9474-1A3956D46DE8}") = "services", "services", "{8B55DC9F-7691-4AD0-998A-D80D749AFA57}"
EndProject
Project("{9A19103F-16F7-4668-BE54-9A1E7A4F7556}") = "UserService", "services\UserService\UserService.csproj", "{8F5FBDA6-A62F-42C0-A2F4-44FF77E0D06E}"
EndProject
Project("{9A19103F-16F7-4668-BE54-9A1E7A4F7556}") = "NoteService", "services\NoteService\NoteService.csproj", "{18AA747B-7244-4519-9ED9-2679EBD7653E}"
EndProject
Project("{9A19103F-16F7-4668-BE54-9A1E7A4F7556}") = "APIGateway", "APIGateway\APIGateway.csproj", "{AF656247-562B-4986-8ACF-5898B184A628}"
EndProject
Global
	GlobalSection(SolutionConfigurationPlatforms) = preSolution
		Debug|Any CPU = Debug|Any CPU
		Release|Any CPU = Release|Any CPU
	EndGlobalSection
	GlobalSection(ProjectConfigurationPlatforms) = postSolution
		{264EBAAD-AC00-460A-A8F9-2E64E25917DB}.Debug|Any CPU.ActiveCfg = Debug|Any CPU
		{264EBAAD-AC00-460A-A8F9-2E64E25917DB}.Debug|Any CPU.Build.0 = Debug|Any CPU
		{264EBAAD-AC00-460A-A8F9-2E64E25917DB}.Release|Any CPU.ActiveCfg = Release|Any CPU
		{264EBAAD-AC00-460A-A8F9-2E64E25917DB}.Release|Any CPU.Build.0 = Release|Any CPU
		{8F5FBDA6-A62F-42C0-A2F4-44FF77E0D06E}.Debug|Any CPU.ActiveCfg = Debug|Any CPU
		{8F5FBDA6-A62F-42C0-A2F4-44FF77E0D06E}.Debug|Any CPU.Build.0 = Debug|Any CPU
		{8F5FBDA6-A62F-42C0-A2F4-44FF77E0D06E}.Release|Any CPU.ActiveCfg = Release|Any CPU
		{8F5FBDA6-A62F-42C0-A2F4-44FF77E0D06E}.Release|Any CPU.Build.0 = Release|Any CPU
		{18AA747B-7244-4519-9ED9-2679EBD7653E}.Debug|Any CPU.ActiveCfg = Debug|Any CPU
		{18AA747B-7244-4519-9ED9-2679EBD7653E}.Debug|Any CPU.Build.0 = Debug|Any CPU
		{18AA747B-7244-4519-9ED9-2679EBD7653E}.Release|Any CPU.ActiveCfg = Release|Any CPU
		{18AA747B-7244-4519-9ED9-2679EBD7653E}.Release|Any CPU.Build.0 = Release|Any CPU
		{AF656247-562B-4986-8ACF-5898B184A628}.Debug|Any CPU.ActiveCfg = Debug|Any CPU
		{AF656247-562B-4986-8ACF-5898B184A628}.Debug|Any CPU.Build.0 = Debug|Any CPU
		{AF656247-562B-4986-8ACF-5898B184A628}.Release|Any CPU.ActiveCfg = Release|Any CPU
		{AF656247-562B-4986-8ACF-5898B184A628}.Release|Any CPU.Build.0 = Release|Any CPU
	EndGlobalSection
	GlobalSection(SolutionProperties) = preSolution
		HideSolutionNode = FALSE
	EndGlobalSection
	GlobalSection(NestedProjects) = preSolution
		{8F5FBDA6-A62F-42C0-A2F4-44FF77E0D06E} = {8B55DC9F-7691-4AD0-998A-D80D749AFA57}
		{18AA747B-7244-4519-9ED9-2679EBD7653E} = {8B55DC9F-7691-4AD0-998A-D80D749AFA57}
	EndGlobalSection
	GlobalSection(ExtensibilityGlobals) = postSolution
		SolutionGuid = {4045B411-94FB-475D-92EA-B6BFACEA6270}
	EndGlobalSection
EndGlobal
